
Microsoft Visual Studio Solution File, Format Version 12.00
# Visual Studio 15
VisualStudioVersion = 15.0.27703.2026
MinimumVisualStudioVersion = 10.0.40219.1
Project("{FAE04EC0-301F-11D3-BF4B-00C04F79EFBC}") = "ApplicationBuilder", "ApplicationBuilder\ApplicationBuilder.csproj", "{97B24608-6EE8-4BF5-B883-3F4EA5233014}"
EndProject
Project("{FAE04EC0-301F-11D3-BF4B-00C04F79EFBC}") = "ApplicationBuilder.UI", "ApplicationBuilder.UI\ApplicationBuilder.UI.csproj", "{BE0B0673-307C-4C21-AB11-609525103449}"
EndProject
Global
	GlobalSection(SolutionConfigurationPlatforms) = preSolution
		Debug|Any CPU = Debug|Any CPU
		Release|Any CPU = Release|Any CPU
	EndGlobalSection
	GlobalSection(ProjectConfigurationPlatforms) = postSolution
		{97B24608-6EE8-4BF5-B883-3F4EA5233014}.Debug|Any CPU.ActiveCfg = Debug|Any CPU
		{97B24608-6EE8-4BF5-B883-3F4EA5233014}.Debug|Any CPU.Build.0 = Debug|Any CPU
		{97B24608-6EE8-4BF5-B883-3F4EA5233014}.Release|Any CPU.ActiveCfg = Release|Any CPU
		{97B24608-6EE8-4BF5-B883-3F4EA5233014}.Release|Any CPU.Build.0 = Release|Any CPU
		{BE0B0673-307C-4C21-AB11-609525103449}.Debug|Any CPU.ActiveCfg = Debug|Any CPU
		{BE0B0673-307C-4C21-AB11-609525103449}.Debug|Any CPU.Build.0 = Debug|Any CPU
		{BE0B0673-307C-4C21-AB11-609525103449}.Release|Any CPU.ActiveCfg = Release|Any CPU
		{BE0B0673-307C-4C21-AB11-609525103449}.Release|Any CPU.Build.0 = Release|Any CPU
	EndGlobalSection
	GlobalSection(SolutionProperties) = preSolution
		HideSolutionNode = FALSE
	EndGlobalSection
	GlobalSection(ExtensibilityGlobals) = postSolution
		SolutionGuid = {D935696A-831D-4570-9800-763A17F2E8C6}
	EndGlobalSection
EndGlobal
